// !$*UTF8*$!
{
	archiveVersion = 1;
	classes = {
	};
	objectVersion = 46;
	objects = {

/* Begin PBXBuildFile section */
		440D53B01B67729200104E13 /* NavigationViewController.m in Sources */ = {isa = PBXBuildFile; fileRef = 440D53AF1B67729200104E13 /* NavigationViewController.m */; };
		4484474C1B6735B70059FF99 /* main.m in Sources */ = {isa = PBXBuildFile; fileRef = 4484474B1B6735B70059FF99 /* main.m */; };
		4484474F1B6735B70059FF99 /* AppDelegate.m in Sources */ = {isa = PBXBuildFile; fileRef = 4484474E1B6735B70059FF99 /* AppDelegate.m */; };
		448447521B6735B70059FF99 /* ViewController.m in Sources */ = {isa = PBXBuildFile; fileRef = 448447511B6735B70059FF99 /* ViewController.m */; };
		448447551B6735B70059FF99 /* Main.storyboard in Resources */ = {isa = PBXBuildFile; fileRef = 448447531B6735B70059FF99 /* Main.storyboard */; };
		448447571B6735B70059FF99 /* Images.xcassets in Resources */ = {isa = PBXBuildFile; fileRef = 448447561B6735B70059FF99 /* Images.xcassets */; };
		4484475A1B6735B70059FF99 /* LaunchScreen.xib in Resources */ = {isa = PBXBuildFile; fileRef = 448447581B6735B70059FF99 /* LaunchScreen.xib */; };
		448447661B6735B70059FF99 /* Ausktatija_National_ParkTests.m in Sources */ = {isa = PBXBuildFile; fileRef = 448447651B6735B70059FF99 /* Ausktatija_National_ParkTests.m */; };
		448447721B674ECF0059FF99 /* SWRevealViewController.m in Sources */ = {isa = PBXBuildFile; fileRef = 448447711B674ECF0059FF99 /* SWRevealViewController.m */; };
		44B061881B690FC600FA8AB2 /* AboutParkViewController.m in Sources */ = {isa = PBXBuildFile; fileRef = 44B061871B690FC600FA8AB2 /* AboutParkViewController.m */; };
		44B061BD1B69BAE300FA8AB2 /* EmergencyContactViewController.m in Sources */ = {isa = PBXBuildFile; fileRef = 44B061BC1B69BAE300FA8AB2 /* EmergencyContactViewController.m */; };
		44DD18C01B6F2DB70020A599 /* PhotosViewController.m in Sources */ = {isa = PBXBuildFile; fileRef = 44DD18BF1B6F2DB70020A599 /* PhotosViewController.m */; };
		44DD18C31B6F2EC40020A599 /* HowToGetThereViewController.m in Sources */ = {isa = PBXBuildFile; fileRef = 44DD18C21B6F2EC40020A599 /* HowToGetThereViewController.m */; };
		44DD18C61B6F2F250020A599 /* PopularLakesViewController.m in Sources */ = {isa = PBXBuildFile; fileRef = 44DD18C51B6F2F250020A599 /* PopularLakesViewController.m */; };
		44DD18CC1B705B8E0020A599 /* WebViewController.m in Sources */ = {isa = PBXBuildFile; fileRef = 44DD18CB1B705B8E0020A599 /* WebViewController.m */; };
		44DD19011B71B5A10020A599 /* PopularLakesCollectionViewCollectionViewCell.m in Sources */ = {isa = PBXBuildFile; fileRef = 44DD19001B71B5A10020A599 /* PopularLakesCollectionViewCollectionViewCell.m */; };
		44DD19031B71B88A0020A599 /* PopularLakes.plist in Resources */ = {isa = PBXBuildFile; fileRef = 44DD19021B71B88A0020A599 /* PopularLakes.plist */; };
		44DD19091B71BFF80020A599 /* PopularLakesModel.m in Sources */ = {isa = PBXBuildFile; fileRef = 44DD19081B71BFF80020A599 /* PopularLakesModel.m */; };
		44DD190D1B71E4430020A599 /* PlistToModelConverter.m in Sources */ = {isa = PBXBuildFile; fileRef = 44DD190C1B71E4430020A599 /* PlistToModelConverter.m */; };
		44DD19101B7249D20020A599 /* PopularLakesDetailViewController.m in Sources */ = {isa = PBXBuildFile; fileRef = 44DD190F1B7249D20020A599 /* PopularLakesDetailViewController.m */; };
		44DD19151B7325A40020A599 /* JSON in Resources */ = {isa = PBXBuildFile; fileRef = 44DD19141B7325A40020A599 /* JSON */; };
		44DD19181B7348AC0020A599 /* FlickrModel.m in Sources */ = {isa = PBXBuildFile; fileRef = 44DD19171B7348AC0020A599 /* FlickrModel.m */; };
		44DD191E1B734A5F0020A599 /* PhotosCollectionViewCell.m in Sources */ = {isa = PBXBuildFile; fileRef = 44DD191D1B734A5F0020A599 /* PhotosCollectionViewCell.m */; };
		44DD19231B74DD720020A599 /* DetailPhotoViewController.m in Sources */ = {isa = PBXBuildFile; fileRef = 44DD19221B74DD720020A599 /* DetailPhotoViewController.m */; };
/* End PBXBuildFile section */

/* Begin PBXContainerItemProxy section */
		448447601B6735B70059FF99 /* PBXContainerItemProxy */ = {
			isa = PBXContainerItemProxy;
			containerPortal = 4484473E1B6735B70059FF99 /* Project object */;
			proxyType = 1;
			remoteGlobalIDString = 448447451B6735B70059FF99;
			remoteInfo = "Ausktatija National Park";
		};
/* End PBXContainerItemProxy section */

/* Begin PBXFileReference section */
		440D53AE1B67729200104E13 /* NavigationViewController.h */ = {isa = PBXFileReference; fileEncoding = 4; lastKnownFileType = sourcecode.c.h; path = NavigationViewController.h; sourceTree = "<group>"; };
		440D53AF1B67729200104E13 /* NavigationViewController.m */ = {isa = PBXFileReference; fileEncoding = 4; lastKnownFileType = sourcecode.c.objc; path = NavigationViewController.m; sourceTree = "<group>"; };
		448447461B6735B70059FF99 /* Ausktatija National Park.app */ = {isa = PBXFileReference; explicitFileType = wrapper.application; includeInIndex = 0; path = "Ausktatija National Park.app"; sourceTree = BUILT_PRODUCTS_DIR; };
		4484474A1B6735B70059FF99 /* Info.plist */ = {isa = PBXFileReference; lastKnownFileType = text.plist.xml; path = Info.plist; sourceTree = "<group>"; };
		4484474B1B6735B70059FF99 /* main.m */ = {isa = PBXFileReference; lastKnownFileType = sourcecode.c.objc; path = main.m; sourceTree = "<group>"; };
		4484474D1B6735B70059FF99 /* AppDelegate.h */ = {isa = PBXFileReference; lastKnownFileType = sourcecode.c.h; path = AppDelegate.h; sourceTree = "<group>"; };
		4484474E1B6735B70059FF99 /* AppDelegate.m */ = {isa = PBXFileReference; lastKnownFileType = sourcecode.c.objc; path = AppDelegate.m; sourceTree = "<group>"; };
		448447501B6735B70059FF99 /* ViewController.h */ = {isa = PBXFileReference; lastKnownFileType = sourcecode.c.h; path = ViewController.h; sourceTree = "<group>"; };
		448447511B6735B70059FF99 /* ViewController.m */ = {isa = PBXFileReference; lastKnownFileType = sourcecode.c.objc; path = ViewController.m; sourceTree = "<group>"; };
		448447541B6735B70059FF99 /* Base */ = {isa = PBXFileReference; lastKnownFileType = file.storyboard; name = Base; path = Base.lproj/Main.storyboard; sourceTree = "<group>"; };
		448447561B6735B70059FF99 /* Images.xcassets */ = {isa = PBXFileReference; lastKnownFileType = folder.assetcatalog; path = Images.xcassets; sourceTree = "<group>"; };
		448447591B6735B70059FF99 /* Base */ = {isa = PBXFileReference; lastKnownFileType = file.xib; name = Base; path = Base.lproj/LaunchScreen.xib; sourceTree = "<group>"; };
		4484475F1B6735B70059FF99 /* Ausktatija National ParkTests.xctest */ = {isa = PBXFileReference; explicitFileType = wrapper.cfbundle; includeInIndex = 0; path = "Ausktatija National ParkTests.xctest"; sourceTree = BUILT_PRODUCTS_DIR; };
		448447641B6735B70059FF99 /* Info.plist */ = {isa = PBXFileReference; lastKnownFileType = text.plist.xml; path = Info.plist; sourceTree = "<group>"; };
		448447651B6735B70059FF99 /* Ausktatija_National_ParkTests.m */ = {isa = PBXFileReference; lastKnownFileType = sourcecode.c.objc; path = Ausktatija_National_ParkTests.m; sourceTree = "<group>"; };
		448447701B674ECF0059FF99 /* SWRevealViewController.h */ = {isa = PBXFileReference; fileEncoding = 4; lastKnownFileType = sourcecode.c.h; path = SWRevealViewController.h; sourceTree = "<group>"; };
		448447711B674ECF0059FF99 /* SWRevealViewController.m */ = {isa = PBXFileReference; fileEncoding = 4; lastKnownFileType = sourcecode.c.objc; path = SWRevealViewController.m; sourceTree = "<group>"; };
		44B061861B690FC600FA8AB2 /* AboutParkViewController.h */ = {isa = PBXFileReference; fileEncoding = 4; lastKnownFileType = sourcecode.c.h; path = AboutParkViewController.h; sourceTree = "<group>"; };
		44B061871B690FC600FA8AB2 /* AboutParkViewController.m */ = {isa = PBXFileReference; fileEncoding = 4; lastKnownFileType = sourcecode.c.objc; path = AboutParkViewController.m; sourceTree = "<group>"; };
		44B061BB1B69BAE300FA8AB2 /* EmergencyContactViewController.h */ = {isa = PBXFileReference; fileEncoding = 4; lastKnownFileType = sourcecode.c.h; path = EmergencyContactViewController.h; sourceTree = "<group>"; };
		44B061BC1B69BAE300FA8AB2 /* EmergencyContactViewController.m */ = {isa = PBXFileReference; fileEncoding = 4; lastKnownFileType = sourcecode.c.objc; path = EmergencyContactViewController.m; sourceTree = "<group>"; };
		44DD18BE1B6F2DB70020A599 /* PhotosViewController.h */ = {isa = PBXFileReference; fileEncoding = 4; lastKnownFileType = sourcecode.c.h; path = PhotosViewController.h; sourceTree = "<group>"; };
		44DD18BF1B6F2DB70020A599 /* PhotosViewController.m */ = {isa = PBXFileReference; fileEncoding = 4; lastKnownFileType = sourcecode.c.objc; path = PhotosViewController.m; sourceTree = "<group>"; };
		44DD18C11B6F2EC40020A599 /* HowToGetThereViewController.h */ = {isa = PBXFileReference; fileEncoding = 4; lastKnownFileType = sourcecode.c.h; path = HowToGetThereViewController.h; sourceTree = "<group>"; };
		44DD18C21B6F2EC40020A599 /* HowToGetThereViewController.m */ = {isa = PBXFileReference; fileEncoding = 4; lastKnownFileType = sourcecode.c.objc; path = HowToGetThereViewController.m; sourceTree = "<group>"; };
		44DD18C41B6F2F250020A599 /* PopularLakesViewController.h */ = {isa = PBXFileReference; fileEncoding = 4; lastKnownFileType = sourcecode.c.h; path = PopularLakesViewController.h; sourceTree = "<group>"; };
		44DD18C51B6F2F250020A599 /* PopularLakesViewController.m */ = {isa = PBXFileReference; fileEncoding = 4; lastKnownFileType = sourcecode.c.objc; path = PopularLakesViewController.m; sourceTree = "<group>"; };
		44DD18CA1B705B8E0020A599 /* WebViewController.h */ = {isa = PBXFileReference; fileEncoding = 4; lastKnownFileType = sourcecode.c.h; path = WebViewController.h; sourceTree = "<group>"; };
		44DD18CB1B705B8E0020A599 /* WebViewController.m */ = {isa = PBXFileReference; fileEncoding = 4; lastKnownFileType = sourcecode.c.objc; path = WebViewController.m; sourceTree = "<group>"; };
		44DD18FF1B71B5A10020A599 /* PopularLakesCollectionViewCollectionViewCell.h */ = {isa = PBXFileReference; fileEncoding = 4; lastKnownFileType = sourcecode.c.h; path = PopularLakesCollectionViewCollectionViewCell.h; sourceTree = "<group>"; };
		44DD19001B71B5A10020A599 /* PopularLakesCollectionViewCollectionViewCell.m */ = {isa = PBXFileReference; fileEncoding = 4; lastKnownFileType = sourcecode.c.objc; path = PopularLakesCollectionViewCollectionViewCell.m; sourceTree = "<group>"; };
		44DD19021B71B88A0020A599 /* PopularLakes.plist */ = {isa = PBXFileReference; fileEncoding = 4; lastKnownFileType = text.plist.xml; path = PopularLakes.plist; sourceTree = "<group>"; };
		44DD19071B71BFF80020A599 /* PopularLakesModel.h */ = {isa = PBXFileReference; fileEncoding = 4; lastKnownFileType = sourcecode.c.h; path = PopularLakesModel.h; sourceTree = "<group>"; };
		44DD19081B71BFF80020A599 /* PopularLakesModel.m */ = {isa = PBXFileReference; fileEncoding = 4; lastKnownFileType = sourcecode.c.objc; path = PopularLakesModel.m; sourceTree = "<group>"; };
		44DD190B1B71E4430020A599 /* PlistToModelConverter.h */ = {isa = PBXFileReference; fileEncoding = 4; lastKnownFileType = sourcecode.c.h; path = PlistToModelConverter.h; sourceTree = "<group>"; };
		44DD190C1B71E4430020A599 /* PlistToModelConverter.m */ = {isa = PBXFileReference; fileEncoding = 4; lastKnownFileType = sourcecode.c.objc; path = PlistToModelConverter.m; sourceTree = "<group>"; };
		44DD190E1B7249D20020A599 /* PopularLakesDetailViewController.h */ = {isa = PBXFileReference; fileEncoding = 4; lastKnownFileType = sourcecode.c.h; path = PopularLakesDetailViewController.h; sourceTree = "<group>"; };
		44DD190F1B7249D20020A599 /* PopularLakesDetailViewController.m */ = {isa = PBXFileReference; fileEncoding = 4; lastKnownFileType = sourcecode.c.objc; path = PopularLakesDetailViewController.m; sourceTree = "<group>"; };
		44DD19141B7325A40020A599 /* JSON */ = {isa = PBXFileReference; lastKnownFileType = folder; path = JSON; sourceTree = "<group>"; };
		44DD19161B7348AC0020A599 /* FlickrModel.h */ = {isa = PBXFileReference; fileEncoding = 4; lastKnownFileType = sourcecode.c.h; path = FlickrModel.h; sourceTree = "<group>"; };
		44DD19171B7348AC0020A599 /* FlickrModel.m */ = {isa = PBXFileReference; fileEncoding = 4; lastKnownFileType = sourcecode.c.objc; path = FlickrModel.m; sourceTree = "<group>"; };
		44DD191C1B734A5F0020A599 /* PhotosCollectionViewCell.h */ = {isa = PBXFileReference; fileEncoding = 4; lastKnownFileType = sourcecode.c.h; path = PhotosCollectionViewCell.h; sourceTree = "<group>"; };
		44DD191D1B734A5F0020A599 /* PhotosCollectionViewCell.m */ = {isa = PBXFileReference; fileEncoding = 4; lastKnownFileType = sourcecode.c.objc; path = PhotosCollectionViewCell.m; sourceTree = "<group>"; };
		44DD19211B74DD720020A599 /* DetailPhotoViewController.h */ = {isa = PBXFileReference; fileEncoding = 4; lastKnownFileType = sourcecode.c.h; path = DetailPhotoViewController.h; sourceTree = "<group>"; };
		44DD19221B74DD720020A599 /* DetailPhotoViewController.m */ = {isa = PBXFileReference; fileEncoding = 4; lastKnownFileType = sourcecode.c.objc; path = DetailPhotoViewController.m; sourceTree = "<group>"; };
/* End PBXFileReference section */

/* Begin PBXFrameworksBuildPhase section */
		448447431B6735B70059FF99 /* Frameworks */ = {
			isa = PBXFrameworksBuildPhase;
			buildActionMask = 2147483647;
			files = (
			);
			runOnlyForDeploymentPostprocessing = 0;
		};
		4484475C1B6735B70059FF99 /* Frameworks */ = {
			isa = PBXFrameworksBuildPhase;
			buildActionMask = 2147483647;
			files = (
			);
			runOnlyForDeploymentPostprocessing = 0;
		};
/* End PBXFrameworksBuildPhase section */

/* Begin PBXGroup section */
		4484473D1B6735B70059FF99 = {
			isa = PBXGroup;
			children = (
				448447481B6735B70059FF99 /* Ausktatija National Park */,
				448447621B6735B70059FF99 /* Ausktatija National ParkTests */,
				448447471B6735B70059FF99 /* Products */,
			);
			sourceTree = "<group>";
		};
		448447471B6735B70059FF99 /* Products */ = {
			isa = PBXGroup;
			children = (
				448447461B6735B70059FF99 /* Ausktatija National Park.app */,
				4484475F1B6735B70059FF99 /* Ausktatija National ParkTests.xctest */,
			);
			name = Products;
			sourceTree = "<group>";
		};
		448447481B6735B70059FF99 /* Ausktatija National Park */ = {
			isa = PBXGroup;
			children = (
				4484474D1B6735B70059FF99 /* AppDelegate.h */,
				4484474E1B6735B70059FF99 /* AppDelegate.m */,
				448447561B6735B70059FF99 /* Images.xcassets */,
				44DD19051B71BF790020A599 /* View */,
				44DD190A1B71E4180020A599 /* Util */,
				4484476F1B674E6B0059FF99 /* SWRevealViewController */,
				44DD19141B7325A40020A599 /* JSON */,
				44DD19061B71BF7F0020A599 /* Controller */,
				44DD19041B71BF640020A599 /* Model */,
				448447491B6735B70059FF99 /* Supporting Files */,
			);
			path = "Ausktatija National Park";
			sourceTree = "<group>";
		};
		448447491B6735B70059FF99 /* Supporting Files */ = {
			isa = PBXGroup;
			children = (
				4484474A1B6735B70059FF99 /* Info.plist */,
				4484474B1B6735B70059FF99 /* main.m */,
				44DD19021B71B88A0020A599 /* PopularLakes.plist */,
			);
			name = "Supporting Files";
			sourceTree = "<group>";
		};
		448447621B6735B70059FF99 /* Ausktatija National ParkTests */ = {
			isa = PBXGroup;
			children = (
				448447651B6735B70059FF99 /* Ausktatija_National_ParkTests.m */,
				448447631B6735B70059FF99 /* Supporting Files */,
			);
			path = "Ausktatija National ParkTests";
			sourceTree = "<group>";
		};
		448447631B6735B70059FF99 /* Supporting Files */ = {
			isa = PBXGroup;
			children = (
				448447641B6735B70059FF99 /* Info.plist */,
			);
			name = "Supporting Files";
			sourceTree = "<group>";
		};
		4484476F1B674E6B0059FF99 /* SWRevealViewController */ = {
			isa = PBXGroup;
			children = (
				448447701B674ECF0059FF99 /* SWRevealViewController.h */,
				448447711B674ECF0059FF99 /* SWRevealViewController.m */,
			);
			name = SWRevealViewController;
			sourceTree = "<group>";
		};
		44DD19041B71BF640020A599 /* Model */ = {
			isa = PBXGroup;
			children = (
				44DD19071B71BFF80020A599 /* PopularLakesModel.h */,
				44DD19081B71BFF80020A599 /* PopularLakesModel.m */,
				44DD19161B7348AC0020A599 /* FlickrModel.h */,
				44DD19171B7348AC0020A599 /* FlickrModel.m */,
			);
			name = Model;
			sourceTree = "<group>";
		};
		44DD19051B71BF790020A599 /* View */ = {
			isa = PBXGroup;
			children = (
				448447581B6735B70059FF99 /* LaunchScreen.xib */,
				448447531B6735B70059FF99 /* Main.storyboard */,
			);
			name = View;
			sourceTree = "<group>";
		};
		44DD19061B71BF7F0020A599 /* Controller */ = {
			isa = PBXGroup;
			children = (
				44B061861B690FC600FA8AB2 /* AboutParkViewController.h */,
				44B061871B690FC600FA8AB2 /* AboutParkViewController.m */,
				44DD18C11B6F2EC40020A599 /* HowToGetThereViewController.h */,
				44DD18C21B6F2EC40020A599 /* HowToGetThereViewController.m */,
				44DD18CA1B705B8E0020A599 /* WebViewController.h */,
				44DD18CB1B705B8E0020A599 /* WebViewController.m */,
				448447501B6735B70059FF99 /* ViewController.h */,
				448447511B6735B70059FF99 /* ViewController.m */,
				440D53AE1B67729200104E13 /* NavigationViewController.h */,
				440D53AF1B67729200104E13 /* NavigationViewController.m */,
				44B061BB1B69BAE300FA8AB2 /* EmergencyContactViewController.h */,
				44B061BC1B69BAE300FA8AB2 /* EmergencyContactViewController.m */,
				44DD18C41B6F2F250020A599 /* PopularLakesViewController.h */,
				44DD18C51B6F2F250020A599 /* PopularLakesViewController.m */,
				44DD18FF1B71B5A10020A599 /* PopularLakesCollectionViewCollectionViewCell.h */,
				44DD19001B71B5A10020A599 /* PopularLakesCollectionViewCollectionViewCell.m */,
				44DD190E1B7249D20020A599 /* PopularLakesDetailViewController.h */,
				44DD190F1B7249D20020A599 /* PopularLakesDetailViewController.m */,
				44DD18BE1B6F2DB70020A599 /* PhotosViewController.h */,
				44DD18BF1B6F2DB70020A599 /* PhotosViewController.m */,
				44DD191C1B734A5F0020A599 /* PhotosCollectionViewCell.h */,
				44DD191D1B734A5F0020A599 /* PhotosCollectionViewCell.m */,
				44DD19211B74DD720020A599 /* DetailPhotoViewController.h */,
				44DD19221B74DD720020A599 /* DetailPhotoViewController.m */,
			);
			name = Controller;
			sourceTree = "<group>";
		};
		44DD190A1B71E4180020A599 /* Util */ = {
			isa = PBXGroup;
			children = (
				44DD190B1B71E4430020A599 /* PlistToModelConverter.h */,
				44DD190C1B71E4430020A599 /* PlistToModelConverter.m */,
			);
			name = Util;
			sourceTree = "<group>";
		};
/* End PBXGroup section */

/* Begin PBXNativeTarget section */
		448447451B6735B70059FF99 /* Ausktatija National Park */ = {
			isa = PBXNativeTarget;
			buildConfigurationList = 448447691B6735B70059FF99 /* Build configuration list for PBXNativeTarget "Ausktatija National Park" */;
			buildPhases = (
				448447421B6735B70059FF99 /* Sources */,
				448447431B6735B70059FF99 /* Frameworks */,
				448447441B6735B70059FF99 /* Resources */,
			);
			buildRules = (
			);
			dependencies = (
			);
			name = "Ausktatija National Park";
			productName = "Ausktatija National Park";
			productReference = 448447461B6735B70059FF99 /* Ausktatija National Park.app */;
			productType = "com.apple.product-type.application";
		};
		4484475E1B6735B70059FF99 /* Ausktatija National ParkTests */ = {
			isa = PBXNativeTarget;
			buildConfigurationList = 4484476C1B6735B70059FF99 /* Build configuration list for PBXNativeTarget "Ausktatija National ParkTests" */;
			buildPhases = (
				4484475B1B6735B70059FF99 /* Sources */,
				4484475C1B6735B70059FF99 /* Frameworks */,
				4484475D1B6735B70059FF99 /* Resources */,
			);
			buildRules = (
			);
			dependencies = (
				448447611B6735B70059FF99 /* PBXTargetDependency */,
			);
			name = "Ausktatija National ParkTests";
			productName = "Ausktatija National ParkTests";
			productReference = 4484475F1B6735B70059FF99 /* Ausktatija National ParkTests.xctest */;
			productType = "com.apple.product-type.bundle.unit-test";
		};
/* End PBXNativeTarget section */

/* Begin PBXProject section */
		4484473E1B6735B70059FF99 /* Project object */ = {
			isa = PBXProject;
			attributes = {
				LastUpgradeCheck = 0640;
				ORGANIZATIONNAME = anand;
				TargetAttributes = {
					448447451B6735B70059FF99 = {
						CreatedOnToolsVersion = 6.4;
					};
					4484475E1B6735B70059FF99 = {
						CreatedOnToolsVersion = 6.4;
						TestTargetID = 448447451B6735B70059FF99;
					};
				};
			};
			buildConfigurationList = 448447411B6735B70059FF99 /* Build configuration list for PBXProject "Ausktatija National Park" */;
			compatibilityVersion = "Xcode 3.2";
			developmentRegion = English;
			hasScannedForEncodings = 0;
			knownRegions = (
				en,
				Base,
			);
			mainGroup = 4484473D1B6735B70059FF99;
			productRefGroup = 448447471B6735B70059FF99 /* Products */;
			projectDirPath = "";
			projectRoot = "";
			targets = (
				448447451B6735B70059FF99 /* Ausktatija National Park */,
				4484475E1B6735B70059FF99 /* Ausktatija National ParkTests */,
			);
		};
/* End PBXProject section */

/* Begin PBXResourcesBuildPhase section */
		448447441B6735B70059FF99 /* Resources */ = {
			isa = PBXResourcesBuildPhase;
			buildActionMask = 2147483647;
			files = (
				44DD19151B7325A40020A599 /* JSON in Resources */,
				448447551B6735B70059FF99 /* Main.storyboard in Resources */,
				4484475A1B6735B70059FF99 /* LaunchScreen.xib in Resources */,
				448447571B6735B70059FF99 /* Images.xcassets in Resources */,
				44DD19031B71B88A0020A599 /* PopularLakes.plist in Resources */,
			);
			runOnlyForDeploymentPostprocessing = 0;
		};
		4484475D1B6735B70059FF99 /* Resources */ = {
			isa = PBXResourcesBuildPhase;
			buildActionMask = 2147483647;
			files = (
			);
			runOnlyForDeploymentPostprocessing = 0;
		};
/* End PBXResourcesBuildPhase section */

/* Begin PBXSourcesBuildPhase section */
		448447421B6735B70059FF99 /* Sources */ = {
			isa = PBXSourcesBuildPhase;
			buildActionMask = 2147483647;
			files = (
				448447521B6735B70059FF99 /* ViewController.m in Sources */,
				440D53B01B67729200104E13 /* NavigationViewController.m in Sources */,
				44DD19011B71B5A10020A599 /* PopularLakesCollectionViewCollectionViewCell.m in Sources */,
				44DD18CC1B705B8E0020A599 /* WebViewController.m in Sources */,
				4484474F1B6735B70059FF99 /* AppDelegate.m in Sources */,
				44DD18C61B6F2F250020A599 /* PopularLakesViewController.m in Sources */,
				44DD19181B7348AC0020A599 /* FlickrModel.m in Sources */,
				44DD190D1B71E4430020A599 /* PlistToModelConverter.m in Sources */,
				4484474C1B6735B70059FF99 /* main.m in Sources */,
				44B061BD1B69BAE300FA8AB2 /* EmergencyContactViewController.m in Sources */,
				44DD19231B74DD720020A599 /* DetailPhotoViewController.m in Sources */,
				44DD18C01B6F2DB70020A599 /* PhotosViewController.m in Sources */,
				44B061881B690FC600FA8AB2 /* AboutParkViewController.m in Sources */,
				448447721B674ECF0059FF99 /* SWRevealViewController.m in Sources */,
				44DD18C31B6F2EC40020A599 /* HowToGetThereViewController.m in Sources */,
				44DD191E1B734A5F0020A599 /* PhotosCollectionViewCell.m in Sources */,
				44DD19101B7249D20020A599 /* PopularLakesDetailViewController.m in Sources */,
				44DD19091B71BFF80020A599 /* PopularLakesModel.m in Sources */,
			);
			runOnlyForDeploymentPostprocessing = 0;
		};
		4484475B1B6735B70059FF99 /* Sources */ = {
			isa = PBXSourcesBuildPhase;
			buildActionMask = 2147483647;
			files = (
				448447661B6735B70059FF99 /* Ausktatija_National_ParkTests.m in Sources */,
			);
			runOnlyForDeploymentPostprocessing = 0;
		};
/* End PBXSourcesBuildPhase section */

/* Begin PBXTargetDependency section */
		448447611B6735B70059FF99 /* PBXTargetDependency */ = {
			isa = PBXTargetDependency;
			target = 448447451B6735B70059FF99 /* Ausktatija National Park */;
			targetProxy = 448447601B6735B70059FF99 /* PBXContainerItemProxy */;
		};
/* End PBXTargetDependency section */

/* Begin PBXVariantGroup section */
		448447531B6735B70059FF99 /* Main.storyboard */ = {
			isa = PBXVariantGroup;
			children = (
				448447541B6735B70059FF99 /* Base */,
			);
			name = Main.storyboard;
			sourceTree = "<group>";
		};
		448447581B6735B70059FF99 /* LaunchScreen.xib */ = {
			isa = PBXVariantGroup;
			children = (
				448447591B6735B70059FF99 /* Base */,
			);
			name = LaunchScreen.xib;
			sourceTree = "<group>";
		};
/* End PBXVariantGroup section */

/* Begin XCBuildConfiguration section */
		448447671B6735B70059FF99 /* Debug */ = {
			isa = XCBuildConfiguration;
			buildSettings = {
				ALWAYS_SEARCH_USER_PATHS = NO;
				CLANG_CXX_LANGUAGE_STANDARD = "gnu++0x";
				CLANG_CXX_LIBRARY = "libc++";
				CLANG_ENABLE_MODULES = YES;
				CLANG_ENABLE_OBJC_ARC = YES;
				CLANG_WARN_BOOL_CONVERSION = YES;
				CLANG_WARN_CONSTANT_CONVERSION = YES;
				CLANG_WARN_DIRECT_OBJC_ISA_USAGE = YES_ERROR;
				CLANG_WARN_EMPTY_BODY = YES;
				CLANG_WARN_ENUM_CONVERSION = YES;
				CLANG_WARN_INT_CONVERSION = YES;
				CLANG_WARN_OBJC_ROOT_CLASS = YES_ERROR;
				CLANG_WARN_UNREACHABLE_CODE = YES;
				CLANG_WARN__DUPLICATE_METHOD_MATCH = YES;
				"CODE_SIGN_IDENTITY[sdk=iphoneos*]" = "iPhone Developer";
				COPY_PHASE_STRIP = NO;
				DEBUG_INFORMATION_FORMAT = "dwarf-with-dsym";
				ENABLE_STRICT_OBJC_MSGSEND = YES;
				GCC_C_LANGUAGE_STANDARD = gnu99;
				GCC_DYNAMIC_NO_PIC = NO;
				GCC_NO_COMMON_BLOCKS = YES;
				GCC_OPTIMIZATION_LEVEL = 0;
				GCC_PREPROCESSOR_DEFINITIONS = (
					"DEBUG=1",
					"$(inherited)",
				);
				GCC_SYMBOLS_PRIVATE_EXTERN = NO;
				GCC_WARN_64_TO_32_BIT_CONVERSION = YES;
				GCC_WARN_ABOUT_RETURN_TYPE = YES_ERROR;
				GCC_WARN_UNDECLARED_SELECTOR = YES;
				GCC_WARN_UNINITIALIZED_AUTOS = YES_AGGRESSIVE;
				GCC_WARN_UNUSED_FUNCTION = YES;
				GCC_WARN_UNUSED_VARIABLE = YES;
				IPHONEOS_DEPLOYMENT_TARGET = 8.4;
				MTL_ENABLE_DEBUG_INFO = YES;
				ONLY_ACTIVE_ARCH = YES;
				SDKROOT = iphoneos;
			};
			name = Debug;
		};
		448447681B6735B70059FF99 /* Release */ = {
			isa = XCBuildConfiguration;
			buildSettings = {
				ALWAYS_SEARCH_USER_PATHS = NO;
				CLANG_CXX_LANGUAGE_STANDARD = "gnu++0x";
				CLANG_CXX_LIBRARY = "libc++";
				CLANG_ENABLE_MODULES = YES;
				CLANG_ENABLE_OBJC_ARC = YES;
				CLANG_WARN_BOOL_CONVERSION = YES;
				CLANG_WARN_CONSTANT_CONVERSION = YES;
				CLANG_WARN_DIRECT_OBJC_ISA_USAGE = YES_ERROR;
				CLANG_WARN_EMPTY_BODY = YES;
				CLANG_WARN_ENUM_CONVERSION = YES;
				CLANG_WARN_INT_CONVERSION = YES;
				CLANG_WARN_OBJC_ROOT_CLASS = YES_ERROR;
				CLANG_WARN_UNREACHABLE_CODE = YES;
				CLANG_WARN__DUPLICATE_METHOD_MATCH = YES;
				"CODE_SIGN_IDENTITY[sdk=iphoneos*]" = "iPhone Developer";
				COPY_PHASE_STRIP = NO;
				DEBUG_INFORMATION_FORMAT = "dwarf-with-dsym";
				ENABLE_NS_ASSERTIONS = NO;
				ENABLE_STRICT_OBJC_MSGSEND = YES;
				GCC_C_LANGUAGE_STANDARD = gnu99;
				GCC_NO_COMMON_BLOCKS = YES;
				GCC_WARN_64_TO_32_BIT_CONVERSION = YES;
				GCC_WARN_ABOUT_RETURN_TYPE = YES_ERROR;
				GCC_WARN_UNDECLARED_SELECTOR = YES;
				GCC_WARN_UNINITIALIZED_AUTOS = YES_AGGRESSIVE;
				GCC_WARN_UNUSED_FUNCTION = YES;
				GCC_WARN_UNUSED_VARIABLE = YES;
				IPHONEOS_DEPLOYMENT_TARGET = 8.4;
				MTL_ENABLE_DEBUG_INFO = NO;
				SDKROOT = iphoneos;
				VALIDATE_PRODUCT = YES;
			};
			name = Release;
		};
		4484476A1B6735B70059FF99 /* Debug */ = {
			isa = XCBuildConfiguration;
			buildSettings = {
				ASSETCATALOG_COMPILER_APPICON_NAME = AppIcon;
				INFOPLIST_FILE = "Ausktatija National Park/Info.plist";
				IPHONEOS_DEPLOYMENT_TARGET = 8.2;
				LD_RUNPATH_SEARCH_PATHS = "$(inherited) @executable_path/Frameworks";
				PRODUCT_NAME = "$(TARGET_NAME)";
			};
			name = Debug;
		};
		4484476B1B6735B70059FF99 /* Release */ = {
			isa = XCBuildConfiguration;
			buildSettings = {
				ASSETCATALOG_COMPILER_APPICON_NAME = AppIcon;
				INFOPLIST_FILE = "Ausktatija National Park/Info.plist";
				IPHONEOS_DEPLOYMENT_TARGET = 8.2;
				LD_RUNPATH_SEARCH_PATHS = "$(inherited) @executable_path/Frameworks";
				PRODUCT_NAME = "$(TARGET_NAME)";
			};
			name = Release;
		};
		4484476D1B6735B70059FF99 /* Debug */ = {
			isa = XCBuildConfiguration;
			buildSettings = {
				BUNDLE_LOADER = "$(TEST_HOST)";
				FRAMEWORK_SEARCH_PATHS = (
					"$(SDKROOT)/Developer/Library/Frameworks",
					"$(inherited)",
				);
				GCC_PREPROCESSOR_DEFINITIONS = (
					"DEBUG=1",
					"$(inherited)",
				);
				INFOPLIST_FILE = "Ausktatija National ParkTests/Info.plist";
				LD_RUNPATH_SEARCH_PATHS = "$(inherited) @executable_path/Frameworks @loader_path/Frameworks";
				PRODUCT_NAME = "$(TARGET_NAME)";
				TEST_HOST = "$(BUILT_PRODUCTS_DIR)/Ausktatija National Park.app/Ausktatija National Park";
			};
			name = Debug;
		};
		4484476E1B6735B70059FF99 /* Release */ = {
			isa = XCBuildConfiguration;
			buildSettings = {
				BUNDLE_LOADER = "$(TEST_HOST)";
				FRAMEWORK_SEARCH_PATHS = (
					"$(SDKROOT)/Developer/Library/Frameworks",
					"$(inherited)",
				);
				INFOPLIST_FILE = "Ausktatija National ParkTests/Info.plist";
				LD_RUNPATH_SEARCH_PATHS = "$(inherited) @executable_path/Frameworks @loader_path/Frameworks";
				PRODUCT_NAME = "$(TARGET_NAME)";
				TEST_HOST = "$(BUILT_PRODUCTS_DIR)/Ausktatija National Park.app/Ausktatija National Park";
			};
			name = Release;
		};
/* End XCBuildConfiguration section */

/* Begin XCConfigurationList section */
		448447411B6735B70059FF99 /* Build configuration list for PBXProject "Ausktatija National Park" */ = {
			isa = XCConfigurationList;
			buildConfigurations = (
				448447671B6735B70059FF99 /* Debug */,
				448447681B6735B70059FF99 /* Release */,
			);
			defaultConfigurationIsVisible = 0;
			defaultConfigurationName = Release;
		};
		448447691B6735B70059FF99 /* Build configuration list for PBXNativeTarget "Ausktatija National Park" */ = {
			isa = XCConfigurationList;
			buildConfigurations = (
				4484476A1B6735B70059FF99 /* Debug */,
				4484476B1B6735B70059FF99 /* Release */,
			);
			defaultConfigurationIsVisible = 0;
			defaultConfigurationName = Release;
		};
		4484476C1B6735B70059FF99 /* Build configuration list for PBXNativeTarget "Ausktatija National ParkTests" */ = {
			isa = XCConfigurationList;
			buildConfigurations = (
				4484476D1B6735B70059FF99 /* Debug */,
				4484476E1B6735B70059FF99 /* Release */,
			);
			defaultConfigurationIsVisible = 0;
			defaultConfigurationName = Release;
		};
/* End XCConfigurationList section */
	};
	rootObject = 4484473E1B6735B70059FF99 /* Project object */;
}
